
Microsoft Visual Studio Solution File, Format Version 12.00
# Visual Studio Version 17
VisualStudioVersion = 17.3.32901.215
MinimumVisualStudioVersion = 10.0.40219.1
Project("{FAE04EC0-301F-11D3-BF4B-00C04F79EFBC}") = "P7_1_1214064", "P7_1_1214064\P7_1_1214064.csproj", "{050FEDD6-C745-40A3-BED1-FB529AD0C644}"
EndProject
Global
	GlobalSection(SolutionConfigurationPlatforms) = preSolution
		Debug|Any CPU = Debug|Any CPU
		Release|Any CPU = Release|Any CPU
	EndGlobalSection
	GlobalSection(ProjectConfigurationPlatforms) = postSolution
		{050FEDD6-C745-40A3-BED1-FB529AD0C644}.Debug|Any CPU.ActiveCfg = Debug|Any CPU
		{050FEDD6-C745-40A3-BED1-FB529AD0C644}.Debug|Any CPU.Build.0 = Debug|Any CPU
		{050FEDD6-C745-40A3-BED1-FB529AD0C644}.Release|Any CPU.ActiveCfg = Release|Any CPU
		{050FEDD6-C745-40A3-BED1-FB529AD0C644}.Release|Any CPU.Build.0 = Release|Any CPU
	EndGlobalSection
	GlobalSection(SolutionProperties) = preSolution
		HideSolutionNode = FALSE
	EndGlobalSection
	GlobalSection(ExtensibilityGlobals) = postSolution
		SolutionGuid = {ABF124FF-8BEE-4FF8-9262-3F603BB65A61}
	EndGlobalSection
EndGlobal
